
Microsoft Visual Studio Solution File, Format Version 12.00
# Visual Studio Version 17
VisualStudioVersion = 17.5.33530.505
MinimumVisualStudioVersion = 10.0.40219.1
Project("{9A19103F-16F7-4668-BE54-9A1E7A4F7556}") = "OnTheFly", "OnTheFly\OnTheFly.csproj", "{D5EDAD28-B462-4F57-A312-4377A03A5269}"
EndProject
Project("{2150E333-8FDC-42A3-9474-1A3956D46DE8}") = "Microservices", "Microservices", "{7B955B52-B508-4FBA-A5B3-1AF5236751F1}"
EndProject
Project("{2150E333-8FDC-42A3-9474-1A3956D46DE8}") = "ExternalServices", "ExternalServices", "{32BF812C-47A2-4251-95BA-7721F29C8E29}"
EndProject
Project("{2150E333-8FDC-42A3-9474-1A3956D46DE8}") = "Test", "Test", "{58067C5B-BDED-4C01-9011-0A2D394875AA}"
EndProject
Project("{2150E333-8FDC-42A3-9474-1A3956D46DE8}") = "RabbitMQ", "RabbitMQ", "{EA58264C-8AA4-4F23-BC41-DDBA0CBC37EC}"
EndProject
Project("{2150E333-8FDC-42A3-9474-1A3956D46DE8}") = "Models", "Models", "{59890DDF-74E4-4762-94F2-36A13E153366}"
EndProject
Project("{9A19103F-16F7-4668-BE54-9A1E7A4F7556}") = "Models", "Models\Models.csproj", "{3C05F268-5751-420D-8C97-5C3C6322CE26}"
EndProject
Project("{9A19103F-16F7-4668-BE54-9A1E7A4F7556}") = "Services", "ExternalServices\Services\Services.csproj", "{F660464F-D735-4F84-8582-39D51103CBF3}"
EndProject
Project("{9A19103F-16F7-4668-BE54-9A1E7A4F7556}") = "ReserveConsumer", "Consumer\ReserveConsumer\ReserveConsumer.csproj", "{27F11AA7-EC8B-45AF-A3B3-1282676B0991}"
EndProject
Project("{9A19103F-16F7-4668-BE54-9A1E7A4F7556}") = "SaleConsumer", "Consumer\SaleConsumer\SaleConsumer.csproj", "{FB097F53-8466-4106-A12B-FAAC814F030E}"
EndProject
Project("{9A19103F-16F7-4668-BE54-9A1E7A4F7556}") = "UnitTestPassenger", "UnitTest\UnitTestPassenger\UnitTestPassenger.csproj", "{992253F7-DA48-46D0-ABC5-64166079B4CF}"
EndProject
Project("{9A19103F-16F7-4668-BE54-9A1E7A4F7556}") = "UnitTestAircraft", "UnitTest\UnitTestAircraft\UnitTestAircraft.csproj", "{ABF403A1-C17F-46BC-9680-2265545E243F}"
EndProject
Project("{9A19103F-16F7-4668-BE54-9A1E7A4F7556}") = "UnitTestCompany", "UnitTest\UnitTestCompany\UnitTestCompany.csproj", "{F1BBE5F7-DE87-4A3E-AA75-2DA2FB24FCE0}"
EndProject
Project("{9A19103F-16F7-4668-BE54-9A1E7A4F7556}") = "UnitTestFlight", "UnitTest\UnitTestFlight\UnitTestFlight.csproj", "{FB86A684-52A7-4C0C-9EFD-0045A5E47D6A}"
EndProject
Project("{9A19103F-16F7-4668-BE54-9A1E7A4F7556}") = "UnitTestSale", "UnitTest\UnitTestSale\UnitTestSale.csproj", "{B13B1B28-040F-4DB6-98FD-FA0E3AAFB296}"
EndProject
Project("{9A19103F-16F7-4668-BE54-9A1E7A4F7556}") = "Aircraft", "Microservices\Aircraft\Aircraft.csproj", "{897A1276-01EF-4049-BA9A-961ED4E53CDE}"
EndProject
Project("{9A19103F-16F7-4668-BE54-9A1E7A4F7556}") = "Company", "Microservices\Company\Company.csproj", "{937A0681-722B-4A3A-8E0E-BEAFE2A03A2D}"
EndProject
Project("{9A19103F-16F7-4668-BE54-9A1E7A4F7556}") = "Flight", "Microservices\Flight\Flight.csproj", "{32C33426-BDD3-400A-99AA-0255409DB020}"
EndProject
Project("{9A19103F-16F7-4668-BE54-9A1E7A4F7556}") = "Passenger", "Microservices\Passenger\Passenger.csproj", "{A9384AEB-E7CF-48E2-9A3F-3EA2A033484F}"
EndProject
Project("{9A19103F-16F7-4668-BE54-9A1E7A4F7556}") = "Sale", "Microservices\Sale\Sale.csproj", "{FB6BC498-8954-4D7B-B863-4579BFC03EF0}"
EndProject
Project("{9A19103F-16F7-4668-BE54-9A1E7A4F7556}") = "AirportAPI", "Microservices\Airport\AirportAPI.csproj", "{54F51B69-3919-4601-A2D4-F47245E704BB}"
EndProject
Global
	GlobalSection(SolutionConfigurationPlatforms) = preSolution
		Debug|Any CPU = Debug|Any CPU
		Release|Any CPU = Release|Any CPU
	EndGlobalSection
	GlobalSection(ProjectConfigurationPlatforms) = postSolution
		{D5EDAD28-B462-4F57-A312-4377A03A5269}.Debug|Any CPU.ActiveCfg = Debug|Any CPU
		{D5EDAD28-B462-4F57-A312-4377A03A5269}.Debug|Any CPU.Build.0 = Debug|Any CPU
		{D5EDAD28-B462-4F57-A312-4377A03A5269}.Release|Any CPU.ActiveCfg = Release|Any CPU
		{D5EDAD28-B462-4F57-A312-4377A03A5269}.Release|Any CPU.Build.0 = Release|Any CPU
		{3C05F268-5751-420D-8C97-5C3C6322CE26}.Debug|Any CPU.ActiveCfg = Debug|Any CPU
		{3C05F268-5751-420D-8C97-5C3C6322CE26}.Debug|Any CPU.Build.0 = Debug|Any CPU
		{3C05F268-5751-420D-8C97-5C3C6322CE26}.Release|Any CPU.ActiveCfg = Release|Any CPU
		{3C05F268-5751-420D-8C97-5C3C6322CE26}.Release|Any CPU.Build.0 = Release|Any CPU
		{F660464F-D735-4F84-8582-39D51103CBF3}.Debug|Any CPU.ActiveCfg = Debug|Any CPU
		{F660464F-D735-4F84-8582-39D51103CBF3}.Debug|Any CPU.Build.0 = Debug|Any CPU
		{F660464F-D735-4F84-8582-39D51103CBF3}.Release|Any CPU.ActiveCfg = Release|Any CPU
		{F660464F-D735-4F84-8582-39D51103CBF3}.Release|Any CPU.Build.0 = Release|Any CPU
		{27F11AA7-EC8B-45AF-A3B3-1282676B0991}.Debug|Any CPU.ActiveCfg = Debug|Any CPU
		{27F11AA7-EC8B-45AF-A3B3-1282676B0991}.Debug|Any CPU.Build.0 = Debug|Any CPU
		{27F11AA7-EC8B-45AF-A3B3-1282676B0991}.Release|Any CPU.ActiveCfg = Release|Any CPU
		{27F11AA7-EC8B-45AF-A3B3-1282676B0991}.Release|Any CPU.Build.0 = Release|Any CPU
		{FB097F53-8466-4106-A12B-FAAC814F030E}.Debug|Any CPU.ActiveCfg = Debug|Any CPU
		{FB097F53-8466-4106-A12B-FAAC814F030E}.Debug|Any CPU.Build.0 = Debug|Any CPU
		{FB097F53-8466-4106-A12B-FAAC814F030E}.Release|Any CPU.ActiveCfg = Release|Any CPU
		{FB097F53-8466-4106-A12B-FAAC814F030E}.Release|Any CPU.Build.0 = Release|Any CPU
		{992253F7-DA48-46D0-ABC5-64166079B4CF}.Debug|Any CPU.ActiveCfg = Debug|Any CPU
		{992253F7-DA48-46D0-ABC5-64166079B4CF}.Debug|Any CPU.Build.0 = Debug|Any CPU
		{992253F7-DA48-46D0-ABC5-64166079B4CF}.Release|Any CPU.ActiveCfg = Release|Any CPU
		{992253F7-DA48-46D0-ABC5-64166079B4CF}.Release|Any CPU.Build.0 = Release|Any CPU
		{ABF403A1-C17F-46BC-9680-2265545E243F}.Debug|Any CPU.ActiveCfg = Debug|Any CPU
		{ABF403A1-C17F-46BC-9680-2265545E243F}.Debug|Any CPU.Build.0 = Debug|Any CPU
		{ABF403A1-C17F-46BC-9680-2265545E243F}.Release|Any CPU.ActiveCfg = Release|Any CPU
		{ABF403A1-C17F-46BC-9680-2265545E243F}.Release|Any CPU.Build.0 = Release|Any CPU
		{F1BBE5F7-DE87-4A3E-AA75-2DA2FB24FCE0}.Debug|Any CPU.ActiveCfg = Debug|Any CPU
		{F1BBE5F7-DE87-4A3E-AA75-2DA2FB24FCE0}.Debug|Any CPU.Build.0 = Debug|Any CPU
		{F1BBE5F7-DE87-4A3E-AA75-2DA2FB24FCE0}.Release|Any CPU.ActiveCfg = Release|Any CPU
		{F1BBE5F7-DE87-4A3E-AA75-2DA2FB24FCE0}.Release|Any CPU.Build.0 = Release|Any CPU
		{FB86A684-52A7-4C0C-9EFD-0045A5E47D6A}.Debug|Any CPU.ActiveCfg = Debug|Any CPU
		{FB86A684-52A7-4C0C-9EFD-0045A5E47D6A}.Debug|Any CPU.Build.0 = Debug|Any CPU
		{FB86A684-52A7-4C0C-9EFD-0045A5E47D6A}.Release|Any CPU.ActiveCfg = Release|Any CPU
		{FB86A684-52A7-4C0C-9EFD-0045A5E47D6A}.Release|Any CPU.Build.0 = Release|Any CPU
		{B13B1B28-040F-4DB6-98FD-FA0E3AAFB296}.Debug|Any CPU.ActiveCfg = Debug|Any CPU
		{B13B1B28-040F-4DB6-98FD-FA0E3AAFB296}.Debug|Any CPU.Build.0 = Debug|Any CPU
		{B13B1B28-040F-4DB6-98FD-FA0E3AAFB296}.Release|Any CPU.ActiveCfg = Release|Any CPU
		{B13B1B28-040F-4DB6-98FD-FA0E3AAFB296}.Release|Any CPU.Build.0 = Release|Any CPU
		{897A1276-01EF-4049-BA9A-961ED4E53CDE}.Debug|Any CPU.ActiveCfg = Debug|Any CPU
		{897A1276-01EF-4049-BA9A-961ED4E53CDE}.Debug|Any CPU.Build.0 = Debug|Any CPU
		{897A1276-01EF-4049-BA9A-961ED4E53CDE}.Release|Any CPU.ActiveCfg = Release|Any CPU
		{897A1276-01EF-4049-BA9A-961ED4E53CDE}.Release|Any CPU.Build.0 = Release|Any CPU
		{937A0681-722B-4A3A-8E0E-BEAFE2A03A2D}.Debug|Any CPU.ActiveCfg = Debug|Any CPU
		{937A0681-722B-4A3A-8E0E-BEAFE2A03A2D}.Debug|Any CPU.Build.0 = Debug|Any CPU
		{937A0681-722B-4A3A-8E0E-BEAFE2A03A2D}.Release|Any CPU.ActiveCfg = Release|Any CPU
		{937A0681-722B-4A3A-8E0E-BEAFE2A03A2D}.Release|Any CPU.Build.0 = Release|Any CPU
		{32C33426-BDD3-400A-99AA-0255409DB020}.Debug|Any CPU.ActiveCfg = Debug|Any CPU
		{32C33426-BDD3-400A-99AA-0255409DB020}.Debug|Any CPU.Build.0 = Debug|Any CPU
		{32C33426-BDD3-400A-99AA-0255409DB020}.Release|Any CPU.ActiveCfg = Release|Any CPU
		{32C33426-BDD3-400A-99AA-0255409DB020}.Release|Any CPU.Build.0 = Release|Any CPU
		{A9384AEB-E7CF-48E2-9A3F-3EA2A033484F}.Debug|Any CPU.ActiveCfg = Debug|Any CPU
		{A9384AEB-E7CF-48E2-9A3F-3EA2A033484F}.Debug|Any CPU.Build.0 = Debug|Any CPU
		{A9384AEB-E7CF-48E2-9A3F-3EA2A033484F}.Release|Any CPU.ActiveCfg = Release|Any CPU
		{A9384AEB-E7CF-48E2-9A3F-3EA2A033484F}.Release|Any CPU.Build.0 = Release|Any CPU
		{FB6BC498-8954-4D7B-B863-4579BFC03EF0}.Debug|Any CPU.ActiveCfg = Debug|Any CPU
		{FB6BC498-8954-4D7B-B863-4579BFC03EF0}.Debug|Any CPU.Build.0 = Debug|Any CPU
		{FB6BC498-8954-4D7B-B863-4579BFC03EF0}.Release|Any CPU.ActiveCfg = Release|Any CPU
		{FB6BC498-8954-4D7B-B863-4579BFC03EF0}.Release|Any CPU.Build.0 = Release|Any CPU
		{54F51B69-3919-4601-A2D4-F47245E704BB}.Debug|Any CPU.ActiveCfg = Debug|Any CPU
		{54F51B69-3919-4601-A2D4-F47245E704BB}.Debug|Any CPU.Build.0 = Debug|Any CPU
		{54F51B69-3919-4601-A2D4-F47245E704BB}.Release|Any CPU.ActiveCfg = Release|Any CPU
		{54F51B69-3919-4601-A2D4-F47245E704BB}.Release|Any CPU.Build.0 = Release|Any CPU
	EndGlobalSection
	GlobalSection(SolutionProperties) = preSolution
		HideSolutionNode = FALSE
	EndGlobalSection
	GlobalSection(NestedProjects) = preSolution
		{3C05F268-5751-420D-8C97-5C3C6322CE26} = {59890DDF-74E4-4762-94F2-36A13E153366}
		{F660464F-D735-4F84-8582-39D51103CBF3} = {32BF812C-47A2-4251-95BA-7721F29C8E29}
		{27F11AA7-EC8B-45AF-A3B3-1282676B0991} = {EA58264C-8AA4-4F23-BC41-DDBA0CBC37EC}
		{FB097F53-8466-4106-A12B-FAAC814F030E} = {EA58264C-8AA4-4F23-BC41-DDBA0CBC37EC}
		{992253F7-DA48-46D0-ABC5-64166079B4CF} = {58067C5B-BDED-4C01-9011-0A2D394875AA}
		{ABF403A1-C17F-46BC-9680-2265545E243F} = {58067C5B-BDED-4C01-9011-0A2D394875AA}
		{F1BBE5F7-DE87-4A3E-AA75-2DA2FB24FCE0} = {58067C5B-BDED-4C01-9011-0A2D394875AA}
		{FB86A684-52A7-4C0C-9EFD-0045A5E47D6A} = {58067C5B-BDED-4C01-9011-0A2D394875AA}
		{B13B1B28-040F-4DB6-98FD-FA0E3AAFB296} = {58067C5B-BDED-4C01-9011-0A2D394875AA}
		{897A1276-01EF-4049-BA9A-961ED4E53CDE} = {7B955B52-B508-4FBA-A5B3-1AF5236751F1}
		{937A0681-722B-4A3A-8E0E-BEAFE2A03A2D} = {7B955B52-B508-4FBA-A5B3-1AF5236751F1}
		{32C33426-BDD3-400A-99AA-0255409DB020} = {7B955B52-B508-4FBA-A5B3-1AF5236751F1}
		{A9384AEB-E7CF-48E2-9A3F-3EA2A033484F} = {7B955B52-B508-4FBA-A5B3-1AF5236751F1}
		{FB6BC498-8954-4D7B-B863-4579BFC03EF0} = {7B955B52-B508-4FBA-A5B3-1AF5236751F1}
		{54F51B69-3919-4601-A2D4-F47245E704BB} = {7B955B52-B508-4FBA-A5B3-1AF5236751F1}
	EndGlobalSection
	GlobalSection(ExtensibilityGlobals) = postSolution
		SolutionGuid = {E2A1958F-AB7E-4DB5-B512-08983882DAEA}
	EndGlobalSection
EndGlobal
